{
    "_readme": [
        "This file locks the dependencies of your project to a known state",
        "Read more about it at https://getcomposer.org/doc/01-basic-usage.md#composer-lock-the-lock-file",
        "This file is @generated automatically"
    ],
    "hash": "5177fead42d6425b77daf66712fba007",
    "content-hash": "5b66f45254db3f32d42f2059dfed0332",
    "packages": [
        {
            "name": "phplegends/collections",
            "version": "1.0.3",
            "source": {
                "type": "git",
                "url": "https://github.com/phplegends/collections.git",
                "reference": "8c6d0024e06fcde3f416533ea8aa729e0d13e773"
            },
            "dist": {
                "type": "zip",
                "url": "https://api.github.com/repos/phplegends/collections/zipball/8c6d0024e06fcde3f416533ea8aa729e0d13e773",
                "reference": "8c6d0024e06fcde3f416533ea8aa729e0d13e773",
                "shasum": ""
            },
            "require": {
                "php": ">=5.4.0"
            },
            "require-dev": {
                "victorjonsson/markdowndocs": "1.2.*"
            },
            "type": "collection",
            "autoload": {
                "psr-4": {
                    "PHPLegends\\Collections\\": "src/"
                }
            },
            "notification-url": "https://packagist.org/downloads/",
            "license": [
                "MIT"
            ],
            "authors": [
                {
                    "name": "Wallace de Souza Vizerra",
                    "email": "wallacemaxters@gmail.com"
                }
            ],
            "time": "2016-05-05 17:08:28"
        }
    ],
    "packages-dev": [],
    "aliases": [],
    "minimum-stability": "stable",
    "stability-flags": [],
    "prefer-stable": false,
    "prefer-lowest": false,
    "platform": [],
    "platform-dev": []
}
